
Microsoft Visual Studio Solution File, Format Version 12.00
# Visual Studio 2015
Project("{FAE04EC0-301F-11D3-BF4B-00C04F79EFBC}") = "Graphics Final Project.Plugins", "Graphics Final Project.Plugins.csproj", "{C94CB953-5159-24F4-8C71-2C405300D9CA}"
EndProject
Project("{FAE04EC0-301F-11D3-BF4B-00C04F79EFBC}") = "Graphics Final Project", "Graphics Final Project.csproj", "{6DA80559-35EA-53C3-9C9B-292D6B379E45}"
EndProject
Project("{FAE04EC0-301F-11D3-BF4B-00C04F79EFBC}") = "Graphics Final Project.Editor.Plugins", "Graphics Final Project.Editor.Plugins.csproj", "{8F463E98-C4D0-77C9-E21D-C4D4661A3ED0}"
EndProject
Project("{FAE04EC0-301F-11D3-BF4B-00C04F79EFBC}") = "Graphics Final Project.Editor", "Graphics Final Project.Editor.csproj", "{947F2687-7413-08DB-1E0D-DB82858B4FA3}"
EndProject
Global
	GlobalSection(SolutionConfigurationPlatforms) = preSolution
		Debug|Any CPU = Debug|Any CPU
		Release|Any CPU = Release|Any CPU
	EndGlobalSection
	GlobalSection(ProjectConfigurationPlatforms) = postSolution
		{C94CB953-5159-24F4-8C71-2C405300D9CA}.Debug|Any CPU.ActiveCfg = Debug|Any CPU
		{C94CB953-5159-24F4-8C71-2C405300D9CA}.Debug|Any CPU.Build.0 = Debug|Any CPU
		{C94CB953-5159-24F4-8C71-2C405300D9CA}.Release|Any CPU.ActiveCfg = Release|Any CPU
		{C94CB953-5159-24F4-8C71-2C405300D9CA}.Release|Any CPU.Build.0 = Release|Any CPU
		{6DA80559-35EA-53C3-9C9B-292D6B379E45}.Debug|Any CPU.ActiveCfg = Debug|Any CPU
		{6DA80559-35EA-53C3-9C9B-292D6B379E45}.Debug|Any CPU.Build.0 = Debug|Any CPU
		{6DA80559-35EA-53C3-9C9B-292D6B379E45}.Release|Any CPU.ActiveCfg = Release|Any CPU
		{6DA80559-35EA-53C3-9C9B-292D6B379E45}.Release|Any CPU.Build.0 = Release|Any CPU
		{8F463E98-C4D0-77C9-E21D-C4D4661A3ED0}.Debug|Any CPU.ActiveCfg = Debug|Any CPU
		{8F463E98-C4D0-77C9-E21D-C4D4661A3ED0}.Debug|Any CPU.Build.0 = Debug|Any CPU
		{8F463E98-C4D0-77C9-E21D-C4D4661A3ED0}.Release|Any CPU.ActiveCfg = Release|Any CPU
		{8F463E98-C4D0-77C9-E21D-C4D4661A3ED0}.Release|Any CPU.Build.0 = Release|Any CPU
		{947F2687-7413-08DB-1E0D-DB82858B4FA3}.Debug|Any CPU.ActiveCfg = Debug|Any CPU
		{947F2687-7413-08DB-1E0D-DB82858B4FA3}.Debug|Any CPU.Build.0 = Debug|Any CPU
		{947F2687-7413-08DB-1E0D-DB82858B4FA3}.Release|Any CPU.ActiveCfg = Release|Any CPU
		{947F2687-7413-08DB-1E0D-DB82858B4FA3}.Release|Any CPU.Build.0 = Release|Any CPU
	EndGlobalSection
	GlobalSection(SolutionProperties) = preSolution
		HideSolutionNode = FALSE
	EndGlobalSection
EndGlobal
